
Microsoft Visual Studio Solution File, Format Version 12.00
# Visual Studio Version 17
VisualStudioVersion = 17.11.35312.102
MinimumVisualStudioVersion = 10.0.40219.1
Project("{FAE04EC0-301F-11D3-BF4B-00C04F79EFBC}") = "ColorInterpolation", "ColorInterpolation\ColorInterpolation.csproj", "{655315C9-9A5D-4076-9166-D8F56EC0825C}"
EndProject
Project("{FAE04EC0-301F-11D3-BF4B-00C04F79EFBC}") = "RayTracing", "RayTracing\RayTracing.csproj", "{45FFB3EC-EB1F-4BDD-9362-F9E8241600D5}"
EndProject
Global
	GlobalSection(SolutionConfigurationPlatforms) = preSolution
		Debug|Any CPU = Debug|Any CPU
		Release|Any CPU = Release|Any CPU
	EndGlobalSection
	GlobalSection(ProjectConfigurationPlatforms) = postSolution
		{655315C9-9A5D-4076-9166-D8F56EC0825C}.Debug|Any CPU.ActiveCfg = Debug|Any CPU
		{655315C9-9A5D-4076-9166-D8F56EC0825C}.Debug|Any CPU.Build.0 = Debug|Any CPU
		{655315C9-9A5D-4076-9166-D8F56EC0825C}.Release|Any CPU.ActiveCfg = Release|Any CPU
		{655315C9-9A5D-4076-9166-D8F56EC0825C}.Release|Any CPU.Build.0 = Release|Any CPU
		{45FFB3EC-EB1F-4BDD-9362-F9E8241600D5}.Debug|Any CPU.ActiveCfg = Debug|Any CPU
		{45FFB3EC-EB1F-4BDD-9362-F9E8241600D5}.Debug|Any CPU.Build.0 = Debug|Any CPU
		{45FFB3EC-EB1F-4BDD-9362-F9E8241600D5}.Release|Any CPU.ActiveCfg = Release|Any CPU
		{45FFB3EC-EB1F-4BDD-9362-F9E8241600D5}.Release|Any CPU.Build.0 = Release|Any CPU
	EndGlobalSection
	GlobalSection(SolutionProperties) = preSolution
		HideSolutionNode = FALSE
	EndGlobalSection
	GlobalSection(ExtensibilityGlobals) = postSolution
		SolutionGuid = {824A5F3E-6A82-40AB-B414-C6C346AE321F}
	EndGlobalSection
EndGlobal
